
Microsoft Visual Studio Solution File, Format Version 12.00
# Visual Studio Version 17
VisualStudioVersion = 17.11.35312.102
MinimumVisualStudioVersion = 10.0.40219.1
Project("{FAE04EC0-301F-11D3-BF4B-00C04F79EFBC}") = "Pruebas_Tecnica", "Pruebas_Tecnica\Pruebas_Tecnica.csproj", "{23AE4361-A748-4744-AAD2-59A9F86E3690}"
EndProject
Global
	GlobalSection(SolutionConfigurationPlatforms) = preSolution
		Debug|Any CPU = Debug|Any CPU
		Release|Any CPU = Release|Any CPU
	EndGlobalSection
	GlobalSection(ProjectConfigurationPlatforms) = postSolution
		{23AE4361-A748-4744-AAD2-59A9F86E3690}.Debug|Any CPU.ActiveCfg = Debug|Any CPU
		{23AE4361-A748-4744-AAD2-59A9F86E3690}.Debug|Any CPU.Build.0 = Debug|Any CPU
		{23AE4361-A748-4744-AAD2-59A9F86E3690}.Release|Any CPU.ActiveCfg = Release|Any CPU
		{23AE4361-A748-4744-AAD2-59A9F86E3690}.Release|Any CPU.Build.0 = Release|Any CPU
	EndGlobalSection
	GlobalSection(SolutionProperties) = preSolution
		HideSolutionNode = FALSE
	EndGlobalSection
	GlobalSection(ExtensibilityGlobals) = postSolution
		SolutionGuid = {B4874B7B-F391-4CE1-AA81-6E84798FC7BB}
	EndGlobalSection
EndGlobal
